
Microsoft Visual Studio Solution File, Format Version 12.00
# Visual Studio Version 17
VisualStudioVersion = 17.4.33403.182
MinimumVisualStudioVersion = 10.0.40219.1
Project("{FAE04EC0-301F-11D3-BF4B-00C04F79EFBC}") = "JobApplicationLibrary", "JobApplicationLibrary\JobApplicationLibrary.csproj", "{A9060707-CF47-4D6D-87F0-4B6885105265}"
EndProject
Project("{FAE04EC0-301F-11D3-BF4B-00C04F79EFBC}") = "JobApplicationUnitTest", "JobApplicationUnitTest\JobApplicationUnitTest.csproj", "{625FD5FC-FD0A-41E3-AE9D-82677981423B}"
EndProject
Global
	GlobalSection(SolutionConfigurationPlatforms) = preSolution
		Debug|Any CPU = Debug|Any CPU
		Release|Any CPU = Release|Any CPU
	EndGlobalSection
	GlobalSection(ProjectConfigurationPlatforms) = postSolution
		{A9060707-CF47-4D6D-87F0-4B6885105265}.Debug|Any CPU.ActiveCfg = Debug|Any CPU
		{A9060707-CF47-4D6D-87F0-4B6885105265}.Debug|Any CPU.Build.0 = Debug|Any CPU
		{A9060707-CF47-4D6D-87F0-4B6885105265}.Release|Any CPU.ActiveCfg = Release|Any CPU
		{A9060707-CF47-4D6D-87F0-4B6885105265}.Release|Any CPU.Build.0 = Release|Any CPU
		{625FD5FC-FD0A-41E3-AE9D-82677981423B}.Debug|Any CPU.ActiveCfg = Debug|Any CPU
		{625FD5FC-FD0A-41E3-AE9D-82677981423B}.Debug|Any CPU.Build.0 = Debug|Any CPU
		{625FD5FC-FD0A-41E3-AE9D-82677981423B}.Release|Any CPU.ActiveCfg = Release|Any CPU
		{625FD5FC-FD0A-41E3-AE9D-82677981423B}.Release|Any CPU.Build.0 = Release|Any CPU
	EndGlobalSection
	GlobalSection(SolutionProperties) = preSolution
		HideSolutionNode = FALSE
	EndGlobalSection
	GlobalSection(ExtensibilityGlobals) = postSolution
		SolutionGuid = {FBF0A061-3A9C-449F-A337-EBFAF59419D6}
	EndGlobalSection
EndGlobal
